
Microsoft Visual Studio Solution File, Format Version 12.00
# Visual Studio Version 16
VisualStudioVersion = 16.0.29911.84
MinimumVisualStudioVersion = 10.0.40219.1
Project("{FAE04EC0-301F-11D3-BF4B-00C04F79EFBC}") = "UnitTestingAndDocumentation", "UnitTestingAndDocumentation\UnitTestingAndDocumentation.csproj", "{24789F64-FD82-4566-BDA7-09F970D52D29}"
EndProject
Global
	GlobalSection(SolutionConfigurationPlatforms) = preSolution
		Debug|Any CPU = Debug|Any CPU
		Release|Any CPU = Release|Any CPU
	EndGlobalSection
	GlobalSection(ProjectConfigurationPlatforms) = postSolution
		{24789F64-FD82-4566-BDA7-09F970D52D29}.Debug|Any CPU.ActiveCfg = Debug|Any CPU
		{24789F64-FD82-4566-BDA7-09F970D52D29}.Debug|Any CPU.Build.0 = Debug|Any CPU
		{24789F64-FD82-4566-BDA7-09F970D52D29}.Release|Any CPU.ActiveCfg = Release|Any CPU
		{24789F64-FD82-4566-BDA7-09F970D52D29}.Release|Any CPU.Build.0 = Release|Any CPU
	EndGlobalSection
	GlobalSection(SolutionProperties) = preSolution
		HideSolutionNode = FALSE
	EndGlobalSection
	GlobalSection(ExtensibilityGlobals) = postSolution
		SolutionGuid = {CD7BD7F2-E349-4715-B65B-CEC0FD210983}
	EndGlobalSection
EndGlobal
